
Microsoft Visual Studio Solution File, Format Version 12.00
# Visual Studio Version 17
VisualStudioVersion = 17.6.33801.468
MinimumVisualStudioVersion = 10.0.40219.1
Project("{FAE04EC0-301F-11D3-BF4B-00C04F79EFBC}") = "Reisi", "Reisi\Reisi.csproj", "{B8FE33B4-AB28-4C7A-AEBA-9EBCC4440DB6}"
EndProject
Global
	GlobalSection(SolutionConfigurationPlatforms) = preSolution
		Debug|Any CPU = Debug|Any CPU
		Release|Any CPU = Release|Any CPU
	EndGlobalSection
	GlobalSection(ProjectConfigurationPlatforms) = postSolution
		{B8FE33B4-AB28-4C7A-AEBA-9EBCC4440DB6}.Debug|Any CPU.ActiveCfg = Debug|Any CPU
		{B8FE33B4-AB28-4C7A-AEBA-9EBCC4440DB6}.Debug|Any CPU.Build.0 = Debug|Any CPU
		{B8FE33B4-AB28-4C7A-AEBA-9EBCC4440DB6}.Release|Any CPU.ActiveCfg = Release|Any CPU
		{B8FE33B4-AB28-4C7A-AEBA-9EBCC4440DB6}.Release|Any CPU.Build.0 = Release|Any CPU
	EndGlobalSection
	GlobalSection(SolutionProperties) = preSolution
		HideSolutionNode = FALSE
	EndGlobalSection
	GlobalSection(ExtensibilityGlobals) = postSolution
		SolutionGuid = {88AACA1E-F726-4DC1-9524-EFB9383D5FD9}
	EndGlobalSection
EndGlobal
